
Microsoft Visual Studio Solution File, Format Version 12.00
Project("{2150E333-8FDC-42A3-9474-1A3956D46DE8}") = "Solution Items", "Solution Items", "{9849464C-D374-4731-A447-97412DE76ACA}"
	ProjectSection(SolutionItems) = preProject
		docker-compose.yml = docker-compose.yml
	EndProjectSection
EndProject
Project("{2150E333-8FDC-42A3-9474-1A3956D46DE8}") = "src", "src", "{6F64F597-23FF-4DE3-B37A-E287DB0A88FA}"
EndProject
Project("{FAE04EC0-301F-11D3-BF4B-00C04F79EFBC}") = "LBS.App.HttpApi", "src\LBS.App.HttpApi\LBS.App.HttpApi.csproj", "{F57CC5FD-D179-472E-8E36-2CA24F6B6D5D}"
EndProject
Project("{FAE04EC0-301F-11D3-BF4B-00C04F79EFBC}") = "LBS.Core", "src\LBS.Core\LBS.Core.csproj", "{496C8647-241D-4229-8F81-0D566182BBE8}"
EndProject
Project("{FAE04EC0-301F-11D3-BF4B-00C04F79EFBC}") = "LBS.Sdk", "src\LBS.Sdk\LBS.Sdk.csproj", "{CDCDFA8D-D8E9-4D7D-9A2F-A096BD2AE429}"
EndProject
Project("{FAE04EC0-301F-11D3-BF4B-00C04F79EFBC}") = "LBS.Dal", "src\LBS.Dal\LBS.Dal.csproj", "{EBDEA255-E779-4685-9607-2E9FD2C64153}"
EndProject
Project("{FAE04EC0-301F-11D3-BF4B-00C04F79EFBC}") = "LBS.Dal.EF", "src\LBS.Dal.EF\LBS.Dal.EF.csproj", "{927DD58F-1267-4793-9703-C22021C4710F}"
EndProject
Project("{FAE04EC0-301F-11D3-BF4B-00C04F79EFBC}") = "LBS.Data.Models", "src\LBS.Data.Models\LBS.Data.Models.csproj", "{32079416-7471-48C9-A70A-BC71625C81D7}"
EndProject
Project("{FAE04EC0-301F-11D3-BF4B-00C04F79EFBC}") = "LBS.Contracts", "src\LBS.Contracts\LBS.Contracts.csproj", "{EE917C24-1493-40EA-8CAD-377745B5E7B0}"
EndProject
Project("{2150E333-8FDC-42A3-9474-1A3956D46DE8}") = "Application", "Application", "{312EAFF1-090E-4B76-A695-6E515FF31F8B}"
EndProject
Project("{2150E333-8FDC-42A3-9474-1A3956D46DE8}") = "Domain", "Domain", "{F65B4545-E25F-4B98-B85B-0AE4C5A35A8F}"
EndProject
Project("{2150E333-8FDC-42A3-9474-1A3956D46DE8}") = "Shared", "Shared", "{915F279D-B147-4F1F-BF46-328D4DB76427}"
EndProject
Project("{2150E333-8FDC-42A3-9474-1A3956D46DE8}") = "Infrastructure", "Infrastructure", "{F493C87D-775C-4F9B-9E16-6A94C042AFED}"
EndProject
Project("{FAE04EC0-301F-11D3-BF4B-00C04F79EFBC}") = "LBS.DbMigrator", "src\LBS.DbMigrator\LBS.DbMigrator.csproj", "{82591A5F-142B-49F1-8937-F5CB4BE3CE6E}"
EndProject
Project("{2150E333-8FDC-42A3-9474-1A3956D46DE8}") = "test", "test", "{C35C6850-0613-4911-BCF0-DE4BBBE3E53C}"
EndProject
Project("{FAE04EC0-301F-11D3-BF4B-00C04F79EFBC}") = "Lbs.App.HttpApi.StressTests", "test\Lbs.App.HttpApi.StressTests\Lbs.App.HttpApi.StressTests.csproj", "{D02D8260-6E2A-41E1-99E8-69537ADA645B}"
EndProject
Global
	GlobalSection(SolutionConfigurationPlatforms) = preSolution
		Debug|Any CPU = Debug|Any CPU
		Release|Any CPU = Release|Any CPU
	EndGlobalSection
	GlobalSection(ProjectConfigurationPlatforms) = postSolution
		{F57CC5FD-D179-472E-8E36-2CA24F6B6D5D}.Debug|Any CPU.ActiveCfg = Debug|Any CPU
		{F57CC5FD-D179-472E-8E36-2CA24F6B6D5D}.Debug|Any CPU.Build.0 = Debug|Any CPU
		{F57CC5FD-D179-472E-8E36-2CA24F6B6D5D}.Release|Any CPU.ActiveCfg = Release|Any CPU
		{F57CC5FD-D179-472E-8E36-2CA24F6B6D5D}.Release|Any CPU.Build.0 = Release|Any CPU
		{496C8647-241D-4229-8F81-0D566182BBE8}.Debug|Any CPU.ActiveCfg = Debug|Any CPU
		{496C8647-241D-4229-8F81-0D566182BBE8}.Debug|Any CPU.Build.0 = Debug|Any CPU
		{496C8647-241D-4229-8F81-0D566182BBE8}.Release|Any CPU.ActiveCfg = Release|Any CPU
		{496C8647-241D-4229-8F81-0D566182BBE8}.Release|Any CPU.Build.0 = Release|Any CPU
		{CDCDFA8D-D8E9-4D7D-9A2F-A096BD2AE429}.Debug|Any CPU.ActiveCfg = Debug|Any CPU
		{CDCDFA8D-D8E9-4D7D-9A2F-A096BD2AE429}.Debug|Any CPU.Build.0 = Debug|Any CPU
		{CDCDFA8D-D8E9-4D7D-9A2F-A096BD2AE429}.Release|Any CPU.ActiveCfg = Release|Any CPU
		{CDCDFA8D-D8E9-4D7D-9A2F-A096BD2AE429}.Release|Any CPU.Build.0 = Release|Any CPU
		{EBDEA255-E779-4685-9607-2E9FD2C64153}.Debug|Any CPU.ActiveCfg = Debug|Any CPU
		{EBDEA255-E779-4685-9607-2E9FD2C64153}.Debug|Any CPU.Build.0 = Debug|Any CPU
		{EBDEA255-E779-4685-9607-2E9FD2C64153}.Release|Any CPU.ActiveCfg = Release|Any CPU
		{EBDEA255-E779-4685-9607-2E9FD2C64153}.Release|Any CPU.Build.0 = Release|Any CPU
		{927DD58F-1267-4793-9703-C22021C4710F}.Debug|Any CPU.ActiveCfg = Debug|Any CPU
		{927DD58F-1267-4793-9703-C22021C4710F}.Debug|Any CPU.Build.0 = Debug|Any CPU
		{927DD58F-1267-4793-9703-C22021C4710F}.Release|Any CPU.ActiveCfg = Release|Any CPU
		{927DD58F-1267-4793-9703-C22021C4710F}.Release|Any CPU.Build.0 = Release|Any CPU
		{32079416-7471-48C9-A70A-BC71625C81D7}.Debug|Any CPU.ActiveCfg = Debug|Any CPU
		{32079416-7471-48C9-A70A-BC71625C81D7}.Debug|Any CPU.Build.0 = Debug|Any CPU
		{32079416-7471-48C9-A70A-BC71625C81D7}.Release|Any CPU.ActiveCfg = Release|Any CPU
		{32079416-7471-48C9-A70A-BC71625C81D7}.Release|Any CPU.Build.0 = Release|Any CPU
		{EE917C24-1493-40EA-8CAD-377745B5E7B0}.Debug|Any CPU.ActiveCfg = Debug|Any CPU
		{EE917C24-1493-40EA-8CAD-377745B5E7B0}.Debug|Any CPU.Build.0 = Debug|Any CPU
		{EE917C24-1493-40EA-8CAD-377745B5E7B0}.Release|Any CPU.ActiveCfg = Release|Any CPU
		{EE917C24-1493-40EA-8CAD-377745B5E7B0}.Release|Any CPU.Build.0 = Release|Any CPU
		{82591A5F-142B-49F1-8937-F5CB4BE3CE6E}.Debug|Any CPU.ActiveCfg = Debug|Any CPU
		{82591A5F-142B-49F1-8937-F5CB4BE3CE6E}.Debug|Any CPU.Build.0 = Debug|Any CPU
		{82591A5F-142B-49F1-8937-F5CB4BE3CE6E}.Release|Any CPU.ActiveCfg = Release|Any CPU
		{82591A5F-142B-49F1-8937-F5CB4BE3CE6E}.Release|Any CPU.Build.0 = Release|Any CPU
		{D02D8260-6E2A-41E1-99E8-69537ADA645B}.Debug|Any CPU.ActiveCfg = Debug|Any CPU
		{D02D8260-6E2A-41E1-99E8-69537ADA645B}.Debug|Any CPU.Build.0 = Debug|Any CPU
		{D02D8260-6E2A-41E1-99E8-69537ADA645B}.Release|Any CPU.ActiveCfg = Release|Any CPU
		{D02D8260-6E2A-41E1-99E8-69537ADA645B}.Release|Any CPU.Build.0 = Release|Any CPU
	EndGlobalSection
	GlobalSection(NestedProjects) = preSolution
		{312EAFF1-090E-4B76-A695-6E515FF31F8B} = {6F64F597-23FF-4DE3-B37A-E287DB0A88FA}
		{F57CC5FD-D179-472E-8E36-2CA24F6B6D5D} = {312EAFF1-090E-4B76-A695-6E515FF31F8B}
		{F65B4545-E25F-4B98-B85B-0AE4C5A35A8F} = {6F64F597-23FF-4DE3-B37A-E287DB0A88FA}
		{496C8647-241D-4229-8F81-0D566182BBE8} = {F65B4545-E25F-4B98-B85B-0AE4C5A35A8F}
		{EBDEA255-E779-4685-9607-2E9FD2C64153} = {F65B4545-E25F-4B98-B85B-0AE4C5A35A8F}
		{32079416-7471-48C9-A70A-BC71625C81D7} = {F65B4545-E25F-4B98-B85B-0AE4C5A35A8F}
		{915F279D-B147-4F1F-BF46-328D4DB76427} = {6F64F597-23FF-4DE3-B37A-E287DB0A88FA}
		{CDCDFA8D-D8E9-4D7D-9A2F-A096BD2AE429} = {915F279D-B147-4F1F-BF46-328D4DB76427}
		{EE917C24-1493-40EA-8CAD-377745B5E7B0} = {915F279D-B147-4F1F-BF46-328D4DB76427}
		{F493C87D-775C-4F9B-9E16-6A94C042AFED} = {6F64F597-23FF-4DE3-B37A-E287DB0A88FA}
		{927DD58F-1267-4793-9703-C22021C4710F} = {F493C87D-775C-4F9B-9E16-6A94C042AFED}
		{82591A5F-142B-49F1-8937-F5CB4BE3CE6E} = {312EAFF1-090E-4B76-A695-6E515FF31F8B}
		{D02D8260-6E2A-41E1-99E8-69537ADA645B} = {C35C6850-0613-4911-BCF0-DE4BBBE3E53C}
	EndGlobalSection
EndGlobal
